
Microsoft Visual Studio Solution File, Format Version 12.00
# Visual Studio Version 17
VisualStudioVersion = 17.7.34221.43
MinimumVisualStudioVersion = 10.0.40219.1
Project("{8BC9CEB8-8B4A-11D0-8D11-00A0C91BC942}") = "Problem.001", "Problem.001\Problem.001.vcxproj", "{FB5FACFC-8389-4F8E-8380-D9655C34D9BC}"
EndProject
Project("{8BC9CEB8-8B4A-11D0-8D11-00A0C91BC942}") = "Problem.002", "Problem.002\Problem.002.vcxproj", "{AEAF32A6-53FA-4978-ADD3-1D254B0A5336}"
EndProject
Project("{8BC9CEB8-8B4A-11D0-8D11-00A0C91BC942}") = "Problem.003", "Problem.003\Problem.003.vcxproj", "{1914F34B-051D-4423-BF7C-BA25F29252B0}"
EndProject
Project("{8BC9CEB8-8B4A-11D0-8D11-00A0C91BC942}") = "Problem.004", "Problem.004\Problem.004.vcxproj", "{3F1BF174-6DEA-40A2-97AC-4AC45042CEC8}"
EndProject
Project("{8BC9CEB8-8B4A-11D0-8D11-00A0C91BC942}") = "Problem.005", "Problem.005\Problem.005.vcxproj", "{369F2804-921A-429C-BF4A-EC2A8578AC1D}"
EndProject
Project("{8BC9CEB8-8B4A-11D0-8D11-00A0C91BC942}") = "Problem.006", "Problem.006\Problem.006.vcxproj", "{35293D93-AE18-49C0-B0D3-03FAF07F6AFF}"
EndProject
Project("{8BC9CEB8-8B4A-11D0-8D11-00A0C91BC942}") = "Problem.007", "Problem.007\Problem.007.vcxproj", "{7E259227-D961-437B-B073-7617154DA01F}"
EndProject
Project("{8BC9CEB8-8B4A-11D0-8D11-00A0C91BC942}") = "Problem.008", "Problem.008\Problem.008.vcxproj", "{805ABB55-0E94-4F39-8804-3987A9859FF5}"
EndProject
Project("{8BC9CEB8-8B4A-11D0-8D11-00A0C91BC942}") = "Problem.009", "Problem.009\Problem.009.vcxproj", "{9F51B678-7516-4CF1-B8D9-1E2610BD101B}"
EndProject
Project("{8BC9CEB8-8B4A-11D0-8D11-00A0C91BC942}") = "Problem.010", "Problem.010\Problem.010.vcxproj", "{925BE9D3-0B04-4108-8FF3-9C368CE7CA35}"
EndProject
Project("{8BC9CEB8-8B4A-11D0-8D11-00A0C91BC942}") = "Problem.011", "Problem.011\Problem.011.vcxproj", "{4F915A52-CDD1-4C56-8388-2F46EFFDF275}"
EndProject
Project("{8BC9CEB8-8B4A-11D0-8D11-00A0C91BC942}") = "Problem.012", "Problem.012\Problem.012.vcxproj", "{2B0603D8-9AEF-49DC-9D7B-631330F6948A}"
EndProject
Project("{8BC9CEB8-8B4A-11D0-8D11-00A0C91BC942}") = "Problem.013", "Problem.013\Problem.013.vcxproj", "{05A33B6F-6CF7-4387-8085-985EE59ABD55}"
EndProject
Project("{8BC9CEB8-8B4A-11D0-8D11-00A0C91BC942}") = "Problem.014", "Problem.014\Problem.014.vcxproj", "{ADEF095A-F63C-4EBF-A5C8-70A8D2905AAD}"
EndProject
Project("{8BC9CEB8-8B4A-11D0-8D11-00A0C91BC942}") = "Problem.015", "Problem.015\Problem.015.vcxproj", "{BA32977F-6604-4D38-8636-6BA9653025DC}"
EndProject
Global
	GlobalSection(SolutionConfigurationPlatforms) = preSolution
		Debug|x64 = Debug|x64
		Debug|x86 = Debug|x86
		Release|x64 = Release|x64
		Release|x86 = Release|x86
	EndGlobalSection
	GlobalSection(ProjectConfigurationPlatforms) = postSolution
		{FB5FACFC-8389-4F8E-8380-D9655C34D9BC}.Debug|x64.ActiveCfg = Debug|x64
		{FB5FACFC-8389-4F8E-8380-D9655C34D9BC}.Debug|x64.Build.0 = Debug|x64
		{FB5FACFC-8389-4F8E-8380-D9655C34D9BC}.Debug|x86.ActiveCfg = Debug|Win32
		{FB5FACFC-8389-4F8E-8380-D9655C34D9BC}.Debug|x86.Build.0 = Debug|Win32
		{FB5FACFC-8389-4F8E-8380-D9655C34D9BC}.Release|x64.ActiveCfg = Release|x64
		{FB5FACFC-8389-4F8E-8380-D9655C34D9BC}.Release|x64.Build.0 = Release|x64
		{FB5FACFC-8389-4F8E-8380-D9655C34D9BC}.Release|x86.ActiveCfg = Release|Win32
		{FB5FACFC-8389-4F8E-8380-D9655C34D9BC}.Release|x86.Build.0 = Release|Win32
		{AEAF32A6-53FA-4978-ADD3-1D254B0A5336}.Debug|x64.ActiveCfg = Debug|x64
		{AEAF32A6-53FA-4978-ADD3-1D254B0A5336}.Debug|x64.Build.0 = Debug|x64
		{AEAF32A6-53FA-4978-ADD3-1D254B0A5336}.Debug|x86.ActiveCfg = Debug|Win32
		{AEAF32A6-53FA-4978-ADD3-1D254B0A5336}.Debug|x86.Build.0 = Debug|Win32
		{AEAF32A6-53FA-4978-ADD3-1D254B0A5336}.Release|x64.ActiveCfg = Release|x64
		{AEAF32A6-53FA-4978-ADD3-1D254B0A5336}.Release|x64.Build.0 = Release|x64
		{AEAF32A6-53FA-4978-ADD3-1D254B0A5336}.Release|x86.ActiveCfg = Release|Win32
		{AEAF32A6-53FA-4978-ADD3-1D254B0A5336}.Release|x86.Build.0 = Release|Win32
		{1914F34B-051D-4423-BF7C-BA25F29252B0}.Debug|x64.ActiveCfg = Debug|x64
		{1914F34B-051D-4423-BF7C-BA25F29252B0}.Debug|x64.Build.0 = Debug|x64
		{1914F34B-051D-4423-BF7C-BA25F29252B0}.Debug|x86.ActiveCfg = Debug|Win32
		{1914F34B-051D-4423-BF7C-BA25F29252B0}.Debug|x86.Build.0 = Debug|Win32
		{1914F34B-051D-4423-BF7C-BA25F29252B0}.Release|x64.ActiveCfg = Release|x64
		{1914F34B-051D-4423-BF7C-BA25F29252B0}.Release|x64.Build.0 = Release|x64
		{1914F34B-051D-4423-BF7C-BA25F29252B0}.Release|x86.ActiveCfg = Release|Win32
		{1914F34B-051D-4423-BF7C-BA25F29252B0}.Release|x86.Build.0 = Release|Win32
		{3F1BF174-6DEA-40A2-97AC-4AC45042CEC8}.Debug|x64.ActiveCfg = Debug|x64
		{3F1BF174-6DEA-40A2-97AC-4AC45042CEC8}.Debug|x64.Build.0 = Debug|x64
		{3F1BF174-6DEA-40A2-97AC-4AC45042CEC8}.Debug|x86.ActiveCfg = Debug|Win32
		{3F1BF174-6DEA-40A2-97AC-4AC45042CEC8}.Debug|x86.Build.0 = Debug|Win32
		{3F1BF174-6DEA-40A2-97AC-4AC45042CEC8}.Release|x64.ActiveCfg = Release|x64
		{3F1BF174-6DEA-40A2-97AC-4AC45042CEC8}.Release|x64.Build.0 = Release|x64
		{3F1BF174-6DEA-40A2-97AC-4AC45042CEC8}.Release|x86.ActiveCfg = Release|Win32
		{3F1BF174-6DEA-40A2-97AC-4AC45042CEC8}.Release|x86.Build.0 = Release|Win32
		{369F2804-921A-429C-BF4A-EC2A8578AC1D}.Debug|x64.ActiveCfg = Debug|x64
		{369F2804-921A-429C-BF4A-EC2A8578AC1D}.Debug|x64.Build.0 = Debug|x64
		{369F2804-921A-429C-BF4A-EC2A8578AC1D}.Debug|x86.ActiveCfg = Debug|Win32
		{369F2804-921A-429C-BF4A-EC2A8578AC1D}.Debug|x86.Build.0 = Debug|Win32
		{369F2804-921A-429C-BF4A-EC2A8578AC1D}.Release|x64.ActiveCfg = Release|x64
		{369F2804-921A-429C-BF4A-EC2A8578AC1D}.Release|x64.Build.0 = Release|x64
		{369F2804-921A-429C-BF4A-EC2A8578AC1D}.Release|x86.ActiveCfg = Release|Win32
		{369F2804-921A-429C-BF4A-EC2A8578AC1D}.Release|x86.Build.0 = Release|Win32
		{35293D93-AE18-49C0-B0D3-03FAF07F6AFF}.Debug|x64.ActiveCfg = Debug|x64
		{35293D93-AE18-49C0-B0D3-03FAF07F6AFF}.Debug|x64.Build.0 = Debug|x64
		{35293D93-AE18-49C0-B0D3-03FAF07F6AFF}.Debug|x86.ActiveCfg = Debug|Win32
		{35293D93-AE18-49C0-B0D3-03FAF07F6AFF}.Debug|x86.Build.0 = Debug|Win32
		{35293D93-AE18-49C0-B0D3-03FAF07F6AFF}.Release|x64.ActiveCfg = Release|x64
		{35293D93-AE18-49C0-B0D3-03FAF07F6AFF}.Release|x64.Build.0 = Release|x64
		{35293D93-AE18-49C0-B0D3-03FAF07F6AFF}.Release|x86.ActiveCfg = Release|Win32
		{35293D93-AE18-49C0-B0D3-03FAF07F6AFF}.Release|x86.Build.0 = Release|Win32
		{7E259227-D961-437B-B073-7617154DA01F}.Debug|x64.ActiveCfg = Debug|x64
		{7E259227-D961-437B-B073-7617154DA01F}.Debug|x64.Build.0 = Debug|x64
		{7E259227-D961-437B-B073-7617154DA01F}.Debug|x86.ActiveCfg = Debug|Win32
		{7E259227-D961-437B-B073-7617154DA01F}.Debug|x86.Build.0 = Debug|Win32
		{7E259227-D961-437B-B073-7617154DA01F}.Release|x64.ActiveCfg = Release|x64
		{7E259227-D961-437B-B073-7617154DA01F}.Release|x64.Build.0 = Release|x64
		{7E259227-D961-437B-B073-7617154DA01F}.Release|x86.ActiveCfg = Release|Win32
		{7E259227-D961-437B-B073-7617154DA01F}.Release|x86.Build.0 = Release|Win32
		{805ABB55-0E94-4F39-8804-3987A9859FF5}.Debug|x64.ActiveCfg = Debug|x64
		{805ABB55-0E94-4F39-8804-3987A9859FF5}.Debug|x64.Build.0 = Debug|x64
		{805ABB55-0E94-4F39-8804-3987A9859FF5}.Debug|x86.ActiveCfg = Debug|Win32
		{805ABB55-0E94-4F39-8804-3987A9859FF5}.Debug|x86.Build.0 = Debug|Win32
		{805ABB55-0E94-4F39-8804-3987A9859FF5}.Release|x64.ActiveCfg = Release|x64
		{805ABB55-0E94-4F39-8804-3987A9859FF5}.Release|x64.Build.0 = Release|x64
		{805ABB55-0E94-4F39-8804-3987A9859FF5}.Release|x86.ActiveCfg = Release|Win32
		{805ABB55-0E94-4F39-8804-3987A9859FF5}.Release|x86.Build.0 = Release|Win32
		{9F51B678-7516-4CF1-B8D9-1E2610BD101B}.Debug|x64.ActiveCfg = Debug|x64
		{9F51B678-7516-4CF1-B8D9-1E2610BD101B}.Debug|x64.Build.0 = Debug|x64
		{9F51B678-7516-4CF1-B8D9-1E2610BD101B}.Debug|x86.ActiveCfg = Debug|Win32
		{9F51B678-7516-4CF1-B8D9-1E2610BD101B}.Debug|x86.Build.0 = Debug|Win32
		{9F51B678-7516-4CF1-B8D9-1E2610BD101B}.Release|x64.ActiveCfg = Release|x64
		{9F51B678-7516-4CF1-B8D9-1E2610BD101B}.Release|x64.Build.0 = Release|x64
		{9F51B678-7516-4CF1-B8D9-1E2610BD101B}.Release|x86.ActiveCfg = Release|Win32
		{9F51B678-7516-4CF1-B8D9-1E2610BD101B}.Release|x86.Build.0 = Release|Win32
		{925BE9D3-0B04-4108-8FF3-9C368CE7CA35}.Debug|x64.ActiveCfg = Debug|x64
		{925BE9D3-0B04-4108-8FF3-9C368CE7CA35}.Debug|x64.Build.0 = Debug|x64
		{925BE9D3-0B04-4108-8FF3-9C368CE7CA35}.Debug|x86.ActiveCfg = Debug|Win32
		{925BE9D3-0B04-4108-8FF3-9C368CE7CA35}.Debug|x86.Build.0 = Debug|Win32
		{925BE9D3-0B04-4108-8FF3-9C368CE7CA35}.Release|x64.ActiveCfg = Release|x64
		{925BE9D3-0B04-4108-8FF3-9C368CE7CA35}.Release|x64.Build.0 = Release|x64
		{925BE9D3-0B04-4108-8FF3-9C368CE7CA35}.Release|x86.ActiveCfg = Release|Win32
		{925BE9D3-0B04-4108-8FF3-9C368CE7CA35}.Release|x86.Build.0 = Release|Win32
		{4F915A52-CDD1-4C56-8388-2F46EFFDF275}.Debug|x64.ActiveCfg = Debug|x64
		{4F915A52-CDD1-4C56-8388-2F46EFFDF275}.Debug|x64.Build.0 = Debug|x64
		{4F915A52-CDD1-4C56-8388-2F46EFFDF275}.Debug|x86.ActiveCfg = Debug|Win32
		{4F915A52-CDD1-4C56-8388-2F46EFFDF275}.Debug|x86.Build.0 = Debug|Win32
		{4F915A52-CDD1-4C56-8388-2F46EFFDF275}.Release|x64.ActiveCfg = Release|x64
		{4F915A52-CDD1-4C56-8388-2F46EFFDF275}.Release|x64.Build.0 = Release|x64
		{4F915A52-CDD1-4C56-8388-2F46EFFDF275}.Release|x86.ActiveCfg = Release|Win32
		{4F915A52-CDD1-4C56-8388-2F46EFFDF275}.Release|x86.Build.0 = Release|Win32
		{2B0603D8-9AEF-49DC-9D7B-631330F6948A}.Debug|x64.ActiveCfg = Debug|x64
		{2B0603D8-9AEF-49DC-9D7B-631330F6948A}.Debug|x64.Build.0 = Debug|x64
		{2B0603D8-9AEF-49DC-9D7B-631330F6948A}.Debug|x86.ActiveCfg = Debug|Win32
		{2B0603D8-9AEF-49DC-9D7B-631330F6948A}.Debug|x86.Build.0 = Debug|Win32
		{2B0603D8-9AEF-49DC-9D7B-631330F6948A}.Release|x64.ActiveCfg = Release|x64
		{2B0603D8-9AEF-49DC-9D7B-631330F6948A}.Release|x64.Build.0 = Release|x64
		{2B0603D8-9AEF-49DC-9D7B-631330F6948A}.Release|x86.ActiveCfg = Release|Win32
		{2B0603D8-9AEF-49DC-9D7B-631330F6948A}.Release|x86.Build.0 = Release|Win32
		{05A33B6F-6CF7-4387-8085-985EE59ABD55}.Debug|x64.ActiveCfg = Debug|x64
		{05A33B6F-6CF7-4387-8085-985EE59ABD55}.Debug|x64.Build.0 = Debug|x64
		{05A33B6F-6CF7-4387-8085-985EE59ABD55}.Debug|x86.ActiveCfg = Debug|Win32
		{05A33B6F-6CF7-4387-8085-985EE59ABD55}.Debug|x86.Build.0 = Debug|Win32
		{05A33B6F-6CF7-4387-8085-985EE59ABD55}.Release|x64.ActiveCfg = Release|x64
		{05A33B6F-6CF7-4387-8085-985EE59ABD55}.Release|x64.Build.0 = Release|x64
		{05A33B6F-6CF7-4387-8085-985EE59ABD55}.Release|x86.ActiveCfg = Release|Win32
		{05A33B6F-6CF7-4387-8085-985EE59ABD55}.Release|x86.Build.0 = Release|Win32
		{ADEF095A-F63C-4EBF-A5C8-70A8D2905AAD}.Debug|x64.ActiveCfg = Debug|x64
		{ADEF095A-F63C-4EBF-A5C8-70A8D2905AAD}.Debug|x64.Build.0 = Debug|x64
		{ADEF095A-F63C-4EBF-A5C8-70A8D2905AAD}.Debug|x86.ActiveCfg = Debug|Win32
		{ADEF095A-F63C-4EBF-A5C8-70A8D2905AAD}.Debug|x86.Build.0 = Debug|Win32
		{ADEF095A-F63C-4EBF-A5C8-70A8D2905AAD}.Release|x64.ActiveCfg = Release|x64
		{ADEF095A-F63C-4EBF-A5C8-70A8D2905AAD}.Release|x64.Build.0 = Release|x64
		{ADEF095A-F63C-4EBF-A5C8-70A8D2905AAD}.Release|x86.ActiveCfg = Release|Win32
		{ADEF095A-F63C-4EBF-A5C8-70A8D2905AAD}.Release|x86.Build.0 = Release|Win32
		{BA32977F-6604-4D38-8636-6BA9653025DC}.Debug|x64.ActiveCfg = Debug|x64
		{BA32977F-6604-4D38-8636-6BA9653025DC}.Debug|x64.Build.0 = Debug|x64
		{BA32977F-6604-4D38-8636-6BA9653025DC}.Debug|x86.ActiveCfg = Debug|Win32
		{BA32977F-6604-4D38-8636-6BA9653025DC}.Debug|x86.Build.0 = Debug|Win32
		{BA32977F-6604-4D38-8636-6BA9653025DC}.Release|x64.ActiveCfg = Release|x64
		{BA32977F-6604-4D38-8636-6BA9653025DC}.Release|x64.Build.0 = Release|x64
		{BA32977F-6604-4D38-8636-6BA9653025DC}.Release|x86.ActiveCfg = Release|Win32
		{BA32977F-6604-4D38-8636-6BA9653025DC}.Release|x86.Build.0 = Release|Win32
	EndGlobalSection
	GlobalSection(SolutionProperties) = preSolution
		HideSolutionNode = FALSE
	EndGlobalSection
	GlobalSection(ExtensibilityGlobals) = postSolution
		SolutionGuid = {AE4B1747-E163-4CAD-9065-AD01931FB91A}
	EndGlobalSection
EndGlobal
