
Microsoft Visual Studio Solution File, Format Version 12.00
# Visual Studio Version 17
VisualStudioVersion = 17.7.34221.43
MinimumVisualStudioVersion = 10.0.40219.1
Project("{8BC9CEB8-8B4A-11D0-8D11-00A0C91BC942}") = "Problem.001", "Problem.001\Problem.001.vcxproj", "{7FBEE75E-5FC8-4106-A738-9382A37BD8B5}"
EndProject
Project("{8BC9CEB8-8B4A-11D0-8D11-00A0C91BC942}") = "Problem.002", "Problem.002\Problem.002.vcxproj", "{7AF077B1-A558-4B0E-BE2C-D0476EDBB95C}"
EndProject
Project("{8BC9CEB8-8B4A-11D0-8D11-00A0C91BC942}") = "Problem.003", "Problem.003\Problem.003.vcxproj", "{E8712A42-C712-45B3-AE9C-DA0690971F88}"
EndProject
Project("{8BC9CEB8-8B4A-11D0-8D11-00A0C91BC942}") = "Problem.004", "Problem.004\Problem.004.vcxproj", "{A1BFC84F-C4DF-483A-98B0-D96C096E3BC4}"
EndProject
Project("{8BC9CEB8-8B4A-11D0-8D11-00A0C91BC942}") = "Problem.005", "Problem.005\Problem.005.vcxproj", "{2F61AB38-0A97-4EB0-A0CA-DBA88ACE64EA}"
EndProject
Project("{8BC9CEB8-8B4A-11D0-8D11-00A0C91BC942}") = "Problem.006", "Problem.006\Problem.006.vcxproj", "{95DE6594-ADB1-4B1F-86F2-C13760429F39}"
EndProject
Project("{8BC9CEB8-8B4A-11D0-8D11-00A0C91BC942}") = "Problem.007", "Problem.007\Problem.007.vcxproj", "{F3F56C5A-0C7A-4EB3-949F-6106972B3B2F}"
EndProject
Project("{8BC9CEB8-8B4A-11D0-8D11-00A0C91BC942}") = "Problem.008", "Problem.008\Problem.008.vcxproj", "{0666C578-B6CD-475D-A2C6-CEDA186B548E}"
EndProject
Project("{8BC9CEB8-8B4A-11D0-8D11-00A0C91BC942}") = "Problem.009", "Problem.009\Problem.009.vcxproj", "{1EBB892D-0829-4EDF-8443-543D87392460}"
EndProject
Project("{8BC9CEB8-8B4A-11D0-8D11-00A0C91BC942}") = "Problem.010", "Problem.010\Problem.010.vcxproj", "{33830FB0-6844-48AB-A80D-3006A40495FF}"
EndProject
Project("{8BC9CEB8-8B4A-11D0-8D11-00A0C91BC942}") = "Problem.011", "Problem.011\Problem.011.vcxproj", "{AA66198C-6B86-4706-AAC2-379B04C047DC}"
EndProject
Global
	GlobalSection(SolutionConfigurationPlatforms) = preSolution
		Debug|x64 = Debug|x64
		Debug|x86 = Debug|x86
		Release|x64 = Release|x64
		Release|x86 = Release|x86
	EndGlobalSection
	GlobalSection(ProjectConfigurationPlatforms) = postSolution
		{7FBEE75E-5FC8-4106-A738-9382A37BD8B5}.Debug|x64.ActiveCfg = Debug|x64
		{7FBEE75E-5FC8-4106-A738-9382A37BD8B5}.Debug|x64.Build.0 = Debug|x64
		{7FBEE75E-5FC8-4106-A738-9382A37BD8B5}.Debug|x86.ActiveCfg = Debug|Win32
		{7FBEE75E-5FC8-4106-A738-9382A37BD8B5}.Debug|x86.Build.0 = Debug|Win32
		{7FBEE75E-5FC8-4106-A738-9382A37BD8B5}.Release|x64.ActiveCfg = Release|x64
		{7FBEE75E-5FC8-4106-A738-9382A37BD8B5}.Release|x64.Build.0 = Release|x64
		{7FBEE75E-5FC8-4106-A738-9382A37BD8B5}.Release|x86.ActiveCfg = Release|Win32
		{7FBEE75E-5FC8-4106-A738-9382A37BD8B5}.Release|x86.Build.0 = Release|Win32
		{7AF077B1-A558-4B0E-BE2C-D0476EDBB95C}.Debug|x64.ActiveCfg = Debug|x64
		{7AF077B1-A558-4B0E-BE2C-D0476EDBB95C}.Debug|x64.Build.0 = Debug|x64
		{7AF077B1-A558-4B0E-BE2C-D0476EDBB95C}.Debug|x86.ActiveCfg = Debug|Win32
		{7AF077B1-A558-4B0E-BE2C-D0476EDBB95C}.Debug|x86.Build.0 = Debug|Win32
		{7AF077B1-A558-4B0E-BE2C-D0476EDBB95C}.Release|x64.ActiveCfg = Release|x64
		{7AF077B1-A558-4B0E-BE2C-D0476EDBB95C}.Release|x64.Build.0 = Release|x64
		{7AF077B1-A558-4B0E-BE2C-D0476EDBB95C}.Release|x86.ActiveCfg = Release|Win32
		{7AF077B1-A558-4B0E-BE2C-D0476EDBB95C}.Release|x86.Build.0 = Release|Win32
		{E8712A42-C712-45B3-AE9C-DA0690971F88}.Debug|x64.ActiveCfg = Debug|x64
		{E8712A42-C712-45B3-AE9C-DA0690971F88}.Debug|x64.Build.0 = Debug|x64
		{E8712A42-C712-45B3-AE9C-DA0690971F88}.Debug|x86.ActiveCfg = Debug|Win32
		{E8712A42-C712-45B3-AE9C-DA0690971F88}.Debug|x86.Build.0 = Debug|Win32
		{E8712A42-C712-45B3-AE9C-DA0690971F88}.Release|x64.ActiveCfg = Release|x64
		{E8712A42-C712-45B3-AE9C-DA0690971F88}.Release|x64.Build.0 = Release|x64
		{E8712A42-C712-45B3-AE9C-DA0690971F88}.Release|x86.ActiveCfg = Release|Win32
		{E8712A42-C712-45B3-AE9C-DA0690971F88}.Release|x86.Build.0 = Release|Win32
		{A1BFC84F-C4DF-483A-98B0-D96C096E3BC4}.Debug|x64.ActiveCfg = Debug|x64
		{A1BFC84F-C4DF-483A-98B0-D96C096E3BC4}.Debug|x64.Build.0 = Debug|x64
		{A1BFC84F-C4DF-483A-98B0-D96C096E3BC4}.Debug|x86.ActiveCfg = Debug|Win32
		{A1BFC84F-C4DF-483A-98B0-D96C096E3BC4}.Debug|x86.Build.0 = Debug|Win32
		{A1BFC84F-C4DF-483A-98B0-D96C096E3BC4}.Release|x64.ActiveCfg = Release|x64
		{A1BFC84F-C4DF-483A-98B0-D96C096E3BC4}.Release|x64.Build.0 = Release|x64
		{A1BFC84F-C4DF-483A-98B0-D96C096E3BC4}.Release|x86.ActiveCfg = Release|Win32
		{A1BFC84F-C4DF-483A-98B0-D96C096E3BC4}.Release|x86.Build.0 = Release|Win32
		{2F61AB38-0A97-4EB0-A0CA-DBA88ACE64EA}.Debug|x64.ActiveCfg = Debug|x64
		{2F61AB38-0A97-4EB0-A0CA-DBA88ACE64EA}.Debug|x64.Build.0 = Debug|x64
		{2F61AB38-0A97-4EB0-A0CA-DBA88ACE64EA}.Debug|x86.ActiveCfg = Debug|Win32
		{2F61AB38-0A97-4EB0-A0CA-DBA88ACE64EA}.Debug|x86.Build.0 = Debug|Win32
		{2F61AB38-0A97-4EB0-A0CA-DBA88ACE64EA}.Release|x64.ActiveCfg = Release|x64
		{2F61AB38-0A97-4EB0-A0CA-DBA88ACE64EA}.Release|x64.Build.0 = Release|x64
		{2F61AB38-0A97-4EB0-A0CA-DBA88ACE64EA}.Release|x86.ActiveCfg = Release|Win32
		{2F61AB38-0A97-4EB0-A0CA-DBA88ACE64EA}.Release|x86.Build.0 = Release|Win32
		{95DE6594-ADB1-4B1F-86F2-C13760429F39}.Debug|x64.ActiveCfg = Debug|x64
		{95DE6594-ADB1-4B1F-86F2-C13760429F39}.Debug|x64.Build.0 = Debug|x64
		{95DE6594-ADB1-4B1F-86F2-C13760429F39}.Debug|x86.ActiveCfg = Debug|Win32
		{95DE6594-ADB1-4B1F-86F2-C13760429F39}.Debug|x86.Build.0 = Debug|Win32
		{95DE6594-ADB1-4B1F-86F2-C13760429F39}.Release|x64.ActiveCfg = Release|x64
		{95DE6594-ADB1-4B1F-86F2-C13760429F39}.Release|x64.Build.0 = Release|x64
		{95DE6594-ADB1-4B1F-86F2-C13760429F39}.Release|x86.ActiveCfg = Release|Win32
		{95DE6594-ADB1-4B1F-86F2-C13760429F39}.Release|x86.Build.0 = Release|Win32
		{F3F56C5A-0C7A-4EB3-949F-6106972B3B2F}.Debug|x64.ActiveCfg = Debug|x64
		{F3F56C5A-0C7A-4EB3-949F-6106972B3B2F}.Debug|x64.Build.0 = Debug|x64
		{F3F56C5A-0C7A-4EB3-949F-6106972B3B2F}.Debug|x86.ActiveCfg = Debug|Win32
		{F3F56C5A-0C7A-4EB3-949F-6106972B3B2F}.Debug|x86.Build.0 = Debug|Win32
		{F3F56C5A-0C7A-4EB3-949F-6106972B3B2F}.Release|x64.ActiveCfg = Release|x64
		{F3F56C5A-0C7A-4EB3-949F-6106972B3B2F}.Release|x64.Build.0 = Release|x64
		{F3F56C5A-0C7A-4EB3-949F-6106972B3B2F}.Release|x86.ActiveCfg = Release|Win32
		{F3F56C5A-0C7A-4EB3-949F-6106972B3B2F}.Release|x86.Build.0 = Release|Win32
		{0666C578-B6CD-475D-A2C6-CEDA186B548E}.Debug|x64.ActiveCfg = Debug|x64
		{0666C578-B6CD-475D-A2C6-CEDA186B548E}.Debug|x64.Build.0 = Debug|x64
		{0666C578-B6CD-475D-A2C6-CEDA186B548E}.Debug|x86.ActiveCfg = Debug|Win32
		{0666C578-B6CD-475D-A2C6-CEDA186B548E}.Debug|x86.Build.0 = Debug|Win32
		{0666C578-B6CD-475D-A2C6-CEDA186B548E}.Release|x64.ActiveCfg = Release|x64
		{0666C578-B6CD-475D-A2C6-CEDA186B548E}.Release|x64.Build.0 = Release|x64
		{0666C578-B6CD-475D-A2C6-CEDA186B548E}.Release|x86.ActiveCfg = Release|Win32
		{0666C578-B6CD-475D-A2C6-CEDA186B548E}.Release|x86.Build.0 = Release|Win32
		{1EBB892D-0829-4EDF-8443-543D87392460}.Debug|x64.ActiveCfg = Debug|x64
		{1EBB892D-0829-4EDF-8443-543D87392460}.Debug|x64.Build.0 = Debug|x64
		{1EBB892D-0829-4EDF-8443-543D87392460}.Debug|x86.ActiveCfg = Debug|Win32
		{1EBB892D-0829-4EDF-8443-543D87392460}.Debug|x86.Build.0 = Debug|Win32
		{1EBB892D-0829-4EDF-8443-543D87392460}.Release|x64.ActiveCfg = Release|x64
		{1EBB892D-0829-4EDF-8443-543D87392460}.Release|x64.Build.0 = Release|x64
		{1EBB892D-0829-4EDF-8443-543D87392460}.Release|x86.ActiveCfg = Release|Win32
		{1EBB892D-0829-4EDF-8443-543D87392460}.Release|x86.Build.0 = Release|Win32
		{33830FB0-6844-48AB-A80D-3006A40495FF}.Debug|x64.ActiveCfg = Debug|x64
		{33830FB0-6844-48AB-A80D-3006A40495FF}.Debug|x64.Build.0 = Debug|x64
		{33830FB0-6844-48AB-A80D-3006A40495FF}.Debug|x86.ActiveCfg = Debug|Win32
		{33830FB0-6844-48AB-A80D-3006A40495FF}.Debug|x86.Build.0 = Debug|Win32
		{33830FB0-6844-48AB-A80D-3006A40495FF}.Release|x64.ActiveCfg = Release|x64
		{33830FB0-6844-48AB-A80D-3006A40495FF}.Release|x64.Build.0 = Release|x64
		{33830FB0-6844-48AB-A80D-3006A40495FF}.Release|x86.ActiveCfg = Release|Win32
		{33830FB0-6844-48AB-A80D-3006A40495FF}.Release|x86.Build.0 = Release|Win32
		{AA66198C-6B86-4706-AAC2-379B04C047DC}.Debug|x64.ActiveCfg = Debug|x64
		{AA66198C-6B86-4706-AAC2-379B04C047DC}.Debug|x64.Build.0 = Debug|x64
		{AA66198C-6B86-4706-AAC2-379B04C047DC}.Debug|x86.ActiveCfg = Debug|Win32
		{AA66198C-6B86-4706-AAC2-379B04C047DC}.Debug|x86.Build.0 = Debug|Win32
		{AA66198C-6B86-4706-AAC2-379B04C047DC}.Release|x64.ActiveCfg = Release|x64
		{AA66198C-6B86-4706-AAC2-379B04C047DC}.Release|x64.Build.0 = Release|x64
		{AA66198C-6B86-4706-AAC2-379B04C047DC}.Release|x86.ActiveCfg = Release|Win32
		{AA66198C-6B86-4706-AAC2-379B04C047DC}.Release|x86.Build.0 = Release|Win32
	EndGlobalSection
	GlobalSection(SolutionProperties) = preSolution
		HideSolutionNode = FALSE
	EndGlobalSection
	GlobalSection(ExtensibilityGlobals) = postSolution
		SolutionGuid = {C4953479-29A1-40B6-9A0D-EAFA9AC9BB78}
	EndGlobalSection
EndGlobal
