
Microsoft Visual Studio Solution File, Format Version 12.00
# Visual Studio Version 17
VisualStudioVersion = 17.7.34221.43
MinimumVisualStudioVersion = 10.0.40219.1
Project("{8BC9CEB8-8B4A-11D0-8D11-00A0C91BC942}") = "001.SquareArea", "001.SquareArea\001.SquareArea.vcxproj", "{DD2A4F93-74EC-4752-8D9E-7098215CF5C0}"
EndProject
Project("{8BC9CEB8-8B4A-11D0-8D11-00A0C91BC942}") = "002.InchesToCentimeters", "002.InchesToCentimeters\002.InchesToCentimeters.vcxproj", "{03446949-06F0-4A7C-9552-06044FFA8E91}"
EndProject
Project("{8BC9CEB8-8B4A-11D0-8D11-00A0C91BC942}") = "003.GreetingByName", "003.GreetingByName\003.GreetingByName.vcxproj", "{1F3B85B7-B3D4-4606-9AF1-C1582088EE2B}"
EndProject
Project("{8BC9CEB8-8B4A-11D0-8D11-00A0C91BC942}") = "004.ConcatenateData", "004.ConcatenateData\004.ConcatenateData.vcxproj", "{FDF010BE-4F8F-44B3-A2AB-4112BEFFA53E}"
EndProject
Project("{8BC9CEB8-8B4A-11D0-8D11-00A0C91BC942}") = "005.TrapeziodArea", "005.TrapeziodArea\005.TrapeziodArea.vcxproj", "{D5F00CB7-3E2D-4BCA-98C2-C23357782B6D}"
EndProject
Project("{8BC9CEB8-8B4A-11D0-8D11-00A0C91BC942}") = "006.CircleAreaAndPerimeter", "006.CircleAreaAndPerimeter\006.CircleAreaAndPerimeter.vcxproj", "{11409B04-B124-4E65-AC25-13DCE735EDC2}"
EndProject
Project("{8BC9CEB8-8B4A-11D0-8D11-00A0C91BC942}") = "007.TwoDRectangleArea", "007.TwoDRectangleArea\007.TwoDRectangleArea.vcxproj", "{59F6B23A-2EC9-44F0-B98E-96797BD0257A}"
EndProject
Project("{8BC9CEB8-8B4A-11D0-8D11-00A0C91BC942}") = "008.TriangleArea", "008.TriangleArea\008.TriangleArea.vcxproj", "{F091332E-6AFB-4F31-A061-2E498589055E}"
EndProject
Project("{8BC9CEB8-8B4A-11D0-8D11-00A0C91BC942}") = "009.CelsiusToFahrenheit", "009.CelsiusToFahrenheit\009.CelsiusToFahrenheit.vcxproj", "{76B6A7B2-3940-45E8-B962-0664A1B12254}"
EndProject
Project("{8BC9CEB8-8B4A-11D0-8D11-00A0C91BC942}") = "010.RadiansToDegree", "010.RadiansToDegree\010.RadiansToDegree.vcxproj", "{9369D606-8CD9-4DE4-AFB0-7DF0E9F96522}"
EndProject
Project("{8BC9CEB8-8B4A-11D0-8D11-00A0C91BC942}") = "011.UsdToBgn", "011.UsdToBgn\011.UsdToBgn.vcxproj", "{83363242-2226-4C98-8A94-626FE88D0969}"
EndProject
Project("{8BC9CEB8-8B4A-11D0-8D11-00A0C91BC942}") = "012.CurrencyConverter", "012.CurrencyConverter\012.CurrencyConverter.vcxproj", "{A844D91B-4DC4-438C-936A-E16CD0AF4779}"
EndProject
Global
	GlobalSection(SolutionConfigurationPlatforms) = preSolution
		Debug|x64 = Debug|x64
		Debug|x86 = Debug|x86
		Release|x64 = Release|x64
		Release|x86 = Release|x86
	EndGlobalSection
	GlobalSection(ProjectConfigurationPlatforms) = postSolution
		{DD2A4F93-74EC-4752-8D9E-7098215CF5C0}.Debug|x64.ActiveCfg = Debug|x64
		{DD2A4F93-74EC-4752-8D9E-7098215CF5C0}.Debug|x64.Build.0 = Debug|x64
		{DD2A4F93-74EC-4752-8D9E-7098215CF5C0}.Debug|x86.ActiveCfg = Debug|Win32
		{DD2A4F93-74EC-4752-8D9E-7098215CF5C0}.Debug|x86.Build.0 = Debug|Win32
		{DD2A4F93-74EC-4752-8D9E-7098215CF5C0}.Release|x64.ActiveCfg = Release|x64
		{DD2A4F93-74EC-4752-8D9E-7098215CF5C0}.Release|x64.Build.0 = Release|x64
		{DD2A4F93-74EC-4752-8D9E-7098215CF5C0}.Release|x86.ActiveCfg = Release|Win32
		{DD2A4F93-74EC-4752-8D9E-7098215CF5C0}.Release|x86.Build.0 = Release|Win32
		{03446949-06F0-4A7C-9552-06044FFA8E91}.Debug|x64.ActiveCfg = Debug|x64
		{03446949-06F0-4A7C-9552-06044FFA8E91}.Debug|x64.Build.0 = Debug|x64
		{03446949-06F0-4A7C-9552-06044FFA8E91}.Debug|x86.ActiveCfg = Debug|Win32
		{03446949-06F0-4A7C-9552-06044FFA8E91}.Debug|x86.Build.0 = Debug|Win32
		{03446949-06F0-4A7C-9552-06044FFA8E91}.Release|x64.ActiveCfg = Release|x64
		{03446949-06F0-4A7C-9552-06044FFA8E91}.Release|x64.Build.0 = Release|x64
		{03446949-06F0-4A7C-9552-06044FFA8E91}.Release|x86.ActiveCfg = Release|Win32
		{03446949-06F0-4A7C-9552-06044FFA8E91}.Release|x86.Build.0 = Release|Win32
		{1F3B85B7-B3D4-4606-9AF1-C1582088EE2B}.Debug|x64.ActiveCfg = Debug|x64
		{1F3B85B7-B3D4-4606-9AF1-C1582088EE2B}.Debug|x64.Build.0 = Debug|x64
		{1F3B85B7-B3D4-4606-9AF1-C1582088EE2B}.Debug|x86.ActiveCfg = Debug|Win32
		{1F3B85B7-B3D4-4606-9AF1-C1582088EE2B}.Debug|x86.Build.0 = Debug|Win32
		{1F3B85B7-B3D4-4606-9AF1-C1582088EE2B}.Release|x64.ActiveCfg = Release|x64
		{1F3B85B7-B3D4-4606-9AF1-C1582088EE2B}.Release|x64.Build.0 = Release|x64
		{1F3B85B7-B3D4-4606-9AF1-C1582088EE2B}.Release|x86.ActiveCfg = Release|Win32
		{1F3B85B7-B3D4-4606-9AF1-C1582088EE2B}.Release|x86.Build.0 = Release|Win32
		{FDF010BE-4F8F-44B3-A2AB-4112BEFFA53E}.Debug|x64.ActiveCfg = Debug|x64
		{FDF010BE-4F8F-44B3-A2AB-4112BEFFA53E}.Debug|x64.Build.0 = Debug|x64
		{FDF010BE-4F8F-44B3-A2AB-4112BEFFA53E}.Debug|x86.ActiveCfg = Debug|Win32
		{FDF010BE-4F8F-44B3-A2AB-4112BEFFA53E}.Debug|x86.Build.0 = Debug|Win32
		{FDF010BE-4F8F-44B3-A2AB-4112BEFFA53E}.Release|x64.ActiveCfg = Release|x64
		{FDF010BE-4F8F-44B3-A2AB-4112BEFFA53E}.Release|x64.Build.0 = Release|x64
		{FDF010BE-4F8F-44B3-A2AB-4112BEFFA53E}.Release|x86.ActiveCfg = Release|Win32
		{FDF010BE-4F8F-44B3-A2AB-4112BEFFA53E}.Release|x86.Build.0 = Release|Win32
		{D5F00CB7-3E2D-4BCA-98C2-C23357782B6D}.Debug|x64.ActiveCfg = Debug|x64
		{D5F00CB7-3E2D-4BCA-98C2-C23357782B6D}.Debug|x64.Build.0 = Debug|x64
		{D5F00CB7-3E2D-4BCA-98C2-C23357782B6D}.Debug|x86.ActiveCfg = Debug|Win32
		{D5F00CB7-3E2D-4BCA-98C2-C23357782B6D}.Debug|x86.Build.0 = Debug|Win32
		{D5F00CB7-3E2D-4BCA-98C2-C23357782B6D}.Release|x64.ActiveCfg = Release|x64
		{D5F00CB7-3E2D-4BCA-98C2-C23357782B6D}.Release|x64.Build.0 = Release|x64
		{D5F00CB7-3E2D-4BCA-98C2-C23357782B6D}.Release|x86.ActiveCfg = Release|Win32
		{D5F00CB7-3E2D-4BCA-98C2-C23357782B6D}.Release|x86.Build.0 = Release|Win32
		{11409B04-B124-4E65-AC25-13DCE735EDC2}.Debug|x64.ActiveCfg = Debug|x64
		{11409B04-B124-4E65-AC25-13DCE735EDC2}.Debug|x64.Build.0 = Debug|x64
		{11409B04-B124-4E65-AC25-13DCE735EDC2}.Debug|x86.ActiveCfg = Debug|Win32
		{11409B04-B124-4E65-AC25-13DCE735EDC2}.Debug|x86.Build.0 = Debug|Win32
		{11409B04-B124-4E65-AC25-13DCE735EDC2}.Release|x64.ActiveCfg = Release|x64
		{11409B04-B124-4E65-AC25-13DCE735EDC2}.Release|x64.Build.0 = Release|x64
		{11409B04-B124-4E65-AC25-13DCE735EDC2}.Release|x86.ActiveCfg = Release|Win32
		{11409B04-B124-4E65-AC25-13DCE735EDC2}.Release|x86.Build.0 = Release|Win32
		{59F6B23A-2EC9-44F0-B98E-96797BD0257A}.Debug|x64.ActiveCfg = Debug|x64
		{59F6B23A-2EC9-44F0-B98E-96797BD0257A}.Debug|x64.Build.0 = Debug|x64
		{59F6B23A-2EC9-44F0-B98E-96797BD0257A}.Debug|x86.ActiveCfg = Debug|Win32
		{59F6B23A-2EC9-44F0-B98E-96797BD0257A}.Debug|x86.Build.0 = Debug|Win32
		{59F6B23A-2EC9-44F0-B98E-96797BD0257A}.Release|x64.ActiveCfg = Release|x64
		{59F6B23A-2EC9-44F0-B98E-96797BD0257A}.Release|x64.Build.0 = Release|x64
		{59F6B23A-2EC9-44F0-B98E-96797BD0257A}.Release|x86.ActiveCfg = Release|Win32
		{59F6B23A-2EC9-44F0-B98E-96797BD0257A}.Release|x86.Build.0 = Release|Win32
		{F091332E-6AFB-4F31-A061-2E498589055E}.Debug|x64.ActiveCfg = Debug|x64
		{F091332E-6AFB-4F31-A061-2E498589055E}.Debug|x64.Build.0 = Debug|x64
		{F091332E-6AFB-4F31-A061-2E498589055E}.Debug|x86.ActiveCfg = Debug|Win32
		{F091332E-6AFB-4F31-A061-2E498589055E}.Debug|x86.Build.0 = Debug|Win32
		{F091332E-6AFB-4F31-A061-2E498589055E}.Release|x64.ActiveCfg = Release|x64
		{F091332E-6AFB-4F31-A061-2E498589055E}.Release|x64.Build.0 = Release|x64
		{F091332E-6AFB-4F31-A061-2E498589055E}.Release|x86.ActiveCfg = Release|Win32
		{F091332E-6AFB-4F31-A061-2E498589055E}.Release|x86.Build.0 = Release|Win32
		{76B6A7B2-3940-45E8-B962-0664A1B12254}.Debug|x64.ActiveCfg = Debug|x64
		{76B6A7B2-3940-45E8-B962-0664A1B12254}.Debug|x64.Build.0 = Debug|x64
		{76B6A7B2-3940-45E8-B962-0664A1B12254}.Debug|x86.ActiveCfg = Debug|Win32
		{76B6A7B2-3940-45E8-B962-0664A1B12254}.Debug|x86.Build.0 = Debug|Win32
		{76B6A7B2-3940-45E8-B962-0664A1B12254}.Release|x64.ActiveCfg = Release|x64
		{76B6A7B2-3940-45E8-B962-0664A1B12254}.Release|x64.Build.0 = Release|x64
		{76B6A7B2-3940-45E8-B962-0664A1B12254}.Release|x86.ActiveCfg = Release|Win32
		{76B6A7B2-3940-45E8-B962-0664A1B12254}.Release|x86.Build.0 = Release|Win32
		{9369D606-8CD9-4DE4-AFB0-7DF0E9F96522}.Debug|x64.ActiveCfg = Debug|x64
		{9369D606-8CD9-4DE4-AFB0-7DF0E9F96522}.Debug|x64.Build.0 = Debug|x64
		{9369D606-8CD9-4DE4-AFB0-7DF0E9F96522}.Debug|x86.ActiveCfg = Debug|Win32
		{9369D606-8CD9-4DE4-AFB0-7DF0E9F96522}.Debug|x86.Build.0 = Debug|Win32
		{9369D606-8CD9-4DE4-AFB0-7DF0E9F96522}.Release|x64.ActiveCfg = Release|x64
		{9369D606-8CD9-4DE4-AFB0-7DF0E9F96522}.Release|x64.Build.0 = Release|x64
		{9369D606-8CD9-4DE4-AFB0-7DF0E9F96522}.Release|x86.ActiveCfg = Release|Win32
		{9369D606-8CD9-4DE4-AFB0-7DF0E9F96522}.Release|x86.Build.0 = Release|Win32
		{83363242-2226-4C98-8A94-626FE88D0969}.Debug|x64.ActiveCfg = Debug|x64
		{83363242-2226-4C98-8A94-626FE88D0969}.Debug|x64.Build.0 = Debug|x64
		{83363242-2226-4C98-8A94-626FE88D0969}.Debug|x86.ActiveCfg = Debug|Win32
		{83363242-2226-4C98-8A94-626FE88D0969}.Debug|x86.Build.0 = Debug|Win32
		{83363242-2226-4C98-8A94-626FE88D0969}.Release|x64.ActiveCfg = Release|x64
		{83363242-2226-4C98-8A94-626FE88D0969}.Release|x64.Build.0 = Release|x64
		{83363242-2226-4C98-8A94-626FE88D0969}.Release|x86.ActiveCfg = Release|Win32
		{83363242-2226-4C98-8A94-626FE88D0969}.Release|x86.Build.0 = Release|Win32
		{A844D91B-4DC4-438C-936A-E16CD0AF4779}.Debug|x64.ActiveCfg = Debug|x64
		{A844D91B-4DC4-438C-936A-E16CD0AF4779}.Debug|x64.Build.0 = Debug|x64
		{A844D91B-4DC4-438C-936A-E16CD0AF4779}.Debug|x86.ActiveCfg = Debug|Win32
		{A844D91B-4DC4-438C-936A-E16CD0AF4779}.Debug|x86.Build.0 = Debug|Win32
		{A844D91B-4DC4-438C-936A-E16CD0AF4779}.Release|x64.ActiveCfg = Release|x64
		{A844D91B-4DC4-438C-936A-E16CD0AF4779}.Release|x64.Build.0 = Release|x64
		{A844D91B-4DC4-438C-936A-E16CD0AF4779}.Release|x86.ActiveCfg = Release|Win32
		{A844D91B-4DC4-438C-936A-E16CD0AF4779}.Release|x86.Build.0 = Release|Win32
	EndGlobalSection
	GlobalSection(SolutionProperties) = preSolution
		HideSolutionNode = FALSE
	EndGlobalSection
	GlobalSection(ExtensibilityGlobals) = postSolution
		SolutionGuid = {96278D23-0CA3-4E61-BEA5-7290ED7091F7}
	EndGlobalSection
EndGlobal
